
Microsoft Visual Studio Solution File, Format Version 12.00
# Visual Studio Version 16
VisualStudioVersion = 16.0.31205.134
MinimumVisualStudioVersion = 10.0.40219.1
Project("{FAE04EC0-301F-11D3-BF4B-00C04F79EFBC}") = "Working_timer", "Working_timer.csproj", "{2E321D12-42EB-4B8C-8036-F367D96A2AA4}"
EndProject
Global
	GlobalSection(SolutionConfigurationPlatforms) = preSolution
		Debug|Any CPU = Debug|Any CPU
		Release|Any CPU = Release|Any CPU
	EndGlobalSection
	GlobalSection(ProjectConfigurationPlatforms) = postSolution
		{2E321D12-42EB-4B8C-8036-F367D96A2AA4}.Debug|Any CPU.ActiveCfg = Debug|Any CPU
		{2E321D12-42EB-4B8C-8036-F367D96A2AA4}.Debug|Any CPU.Build.0 = Debug|Any CPU
		{2E321D12-42EB-4B8C-8036-F367D96A2AA4}.Release|Any CPU.ActiveCfg = Release|Any CPU
		{2E321D12-42EB-4B8C-8036-F367D96A2AA4}.Release|Any CPU.Build.0 = Release|Any CPU
	EndGlobalSection
	GlobalSection(SolutionProperties) = preSolution
		HideSolutionNode = FALSE
	EndGlobalSection
	GlobalSection(ExtensibilityGlobals) = postSolution
		SolutionGuid = {D52808CF-D676-451C-98C1-7E8AD39EB1BD}
	EndGlobalSection
EndGlobal
